
Microsoft Visual Studio Solution File, Format Version 12.00
# Visual Studio Version 17
VisualStudioVersion = 17.7.34031.279
MinimumVisualStudioVersion = 10.0.40219.1
Project("{FAE04EC0-301F-11D3-BF4B-00C04F79EFBC}") = "LP2SoftRRHHModel", "LP2SoftRRHHModel\LP2SoftRRHHModel.csproj", "{304FC69F-E7AC-47D1-BAE6-E3B6142D55B0}"
EndProject
Project("{FAE04EC0-301F-11D3-BF4B-00C04F79EFBC}") = "LP2SoftDBManager", "LP2SoftDBManager\LP2SoftDBManager.csproj", "{6736A9D9-FAAF-41D3-A4E6-240201DAE317}"
EndProject
Project("{FAE04EC0-301F-11D3-BF4B-00C04F79EFBC}") = "LP2SoftRRHHController", "LP2SoftRRHHController\LP2SoftRRHHController.csproj", "{9ADF5808-5A49-40C5-AEBA-44C058C6199B}"
EndProject
Global
	GlobalSection(SolutionConfigurationPlatforms) = preSolution
		Debug|Any CPU = Debug|Any CPU
		Release|Any CPU = Release|Any CPU
	EndGlobalSection
	GlobalSection(ProjectConfigurationPlatforms) = postSolution
		{304FC69F-E7AC-47D1-BAE6-E3B6142D55B0}.Debug|Any CPU.ActiveCfg = Debug|Any CPU
		{304FC69F-E7AC-47D1-BAE6-E3B6142D55B0}.Debug|Any CPU.Build.0 = Debug|Any CPU
		{304FC69F-E7AC-47D1-BAE6-E3B6142D55B0}.Release|Any CPU.ActiveCfg = Release|Any CPU
		{304FC69F-E7AC-47D1-BAE6-E3B6142D55B0}.Release|Any CPU.Build.0 = Release|Any CPU
		{6736A9D9-FAAF-41D3-A4E6-240201DAE317}.Debug|Any CPU.ActiveCfg = Debug|Any CPU
		{6736A9D9-FAAF-41D3-A4E6-240201DAE317}.Debug|Any CPU.Build.0 = Debug|Any CPU
		{6736A9D9-FAAF-41D3-A4E6-240201DAE317}.Release|Any CPU.ActiveCfg = Release|Any CPU
		{6736A9D9-FAAF-41D3-A4E6-240201DAE317}.Release|Any CPU.Build.0 = Release|Any CPU
		{9ADF5808-5A49-40C5-AEBA-44C058C6199B}.Debug|Any CPU.ActiveCfg = Debug|Any CPU
		{9ADF5808-5A49-40C5-AEBA-44C058C6199B}.Debug|Any CPU.Build.0 = Debug|Any CPU
		{9ADF5808-5A49-40C5-AEBA-44C058C6199B}.Release|Any CPU.ActiveCfg = Release|Any CPU
		{9ADF5808-5A49-40C5-AEBA-44C058C6199B}.Release|Any CPU.Build.0 = Release|Any CPU
	EndGlobalSection
	GlobalSection(SolutionProperties) = preSolution
		HideSolutionNode = FALSE
	EndGlobalSection
	GlobalSection(ExtensibilityGlobals) = postSolution
		SolutionGuid = {487C5C8E-7819-436C-8994-8845923C1924}
	EndGlobalSection
EndGlobal
