
Microsoft Visual Studio Solution File, Format Version 12.00
# Visual Studio Version 17
VisualStudioVersion = 17.7.34031.279
MinimumVisualStudioVersion = 10.0.40219.1
Project("{FAE04EC0-301F-11D3-BF4B-00C04F79EFBC}") = "ULearn", "ULearn\ULearn.csproj", "{E9AE26EF-8B16-49BE-B00C-850FEF58D198}"
EndProject
Global
	GlobalSection(SolutionConfigurationPlatforms) = preSolution
		Debug|Any CPU = Debug|Any CPU
		Release|Any CPU = Release|Any CPU
	EndGlobalSection
	GlobalSection(ProjectConfigurationPlatforms) = postSolution
		{E9AE26EF-8B16-49BE-B00C-850FEF58D198}.Debug|Any CPU.ActiveCfg = Debug|Any CPU
		{E9AE26EF-8B16-49BE-B00C-850FEF58D198}.Debug|Any CPU.Build.0 = Debug|Any CPU
		{E9AE26EF-8B16-49BE-B00C-850FEF58D198}.Release|Any CPU.ActiveCfg = Release|Any CPU
		{E9AE26EF-8B16-49BE-B00C-850FEF58D198}.Release|Any CPU.Build.0 = Release|Any CPU
	EndGlobalSection
	GlobalSection(SolutionProperties) = preSolution
		HideSolutionNode = FALSE
	EndGlobalSection
	GlobalSection(ExtensibilityGlobals) = postSolution
		SolutionGuid = {239812FD-7961-4941-B1BE-21521486BD01}
	EndGlobalSection
EndGlobal
